
Microsoft Visual Studio Solution File, Format Version 12.00
# Visual Studio Version 16
VisualStudioVersion = 16.0.30413.136
MinimumVisualStudioVersion = 10.0.40219.1
Project("{FAE04EC0-301F-11D3-BF4B-00C04F79EFBC}") = "shellcode_runner", "shellcode_runner\shellcode_runner.csproj", "{62718FC8-0C84-4CC5-8079-E424EF7E93DE}"
EndProject
Global
	GlobalSection(SolutionConfigurationPlatforms) = preSolution
		Debug|Any CPU = Debug|Any CPU
		Release|Any CPU = Release|Any CPU
	EndGlobalSection
	GlobalSection(ProjectConfigurationPlatforms) = postSolution
		{62718FC8-0C84-4CC5-8079-E424EF7E93DE}.Debug|Any CPU.ActiveCfg = Debug|Any CPU
		{62718FC8-0C84-4CC5-8079-E424EF7E93DE}.Debug|Any CPU.Build.0 = Debug|Any CPU
		{62718FC8-0C84-4CC5-8079-E424EF7E93DE}.Release|Any CPU.ActiveCfg = Release|Any CPU
		{62718FC8-0C84-4CC5-8079-E424EF7E93DE}.Release|Any CPU.Build.0 = Release|Any CPU
	EndGlobalSection
	GlobalSection(SolutionProperties) = preSolution
		HideSolutionNode = FALSE
	EndGlobalSection
	GlobalSection(ExtensibilityGlobals) = postSolution
		SolutionGuid = {E14D3013-8BDA-46A3-8AA6-B1421A46ED54}
	EndGlobalSection
EndGlobal
